
Microsoft Visual Studio Solution File, Format Version 12.00
# Visual Studio Version 17
VisualStudioVersion = 17.14.36811.4 d17.14
MinimumVisualStudioVersion = 10.0.40219.1
Project("{FAE04EC0-301F-11D3-BF4B-00C04F79EFBC}") = "Eventify", "Eventify.csproj", "{9CBA24F2-7A50-4626-8BFA-C9007507AB4F}"
EndProject
Global
	GlobalSection(SolutionConfigurationPlatforms) = preSolution
		Debug|Any CPU = Debug|Any CPU
		Release|Any CPU = Release|Any CPU
	EndGlobalSection
	GlobalSection(ProjectConfigurationPlatforms) = postSolution
		{9CBA24F2-7A50-4626-8BFA-C9007507AB4F}.Debug|Any CPU.ActiveCfg = Debug|Any CPU
		{9CBA24F2-7A50-4626-8BFA-C9007507AB4F}.Debug|Any CPU.Build.0 = Debug|Any CPU
		{9CBA24F2-7A50-4626-8BFA-C9007507AB4F}.Release|Any CPU.ActiveCfg = Release|Any CPU
		{9CBA24F2-7A50-4626-8BFA-C9007507AB4F}.Release|Any CPU.Build.0 = Release|Any CPU
	EndGlobalSection
	GlobalSection(SolutionProperties) = preSolution
		HideSolutionNode = FALSE
	EndGlobalSection
	GlobalSection(ExtensibilityGlobals) = postSolution
		SolutionGuid = {8086C948-1511-44ED-A35F-0A57A56DEF08}
	EndGlobalSection
EndGlobal
